
Microsoft Visual Studio Solution File, Format Version 12.00
# Visual Studio 15
VisualStudioVersion = 15.0.27703.2000
MinimumVisualStudioVersion = 10.0.40219.1
Project("{9A19103F-16F7-4668-BE54-9A1E7A4F7556}") = "Robot", "Robot\Robot.csproj", "{ACB06D10-16AB-4F21-80E1-17B6A236900A}"
EndProject
Project("{9A19103F-16F7-4668-BE54-9A1E7A4F7556}") = "Game", "Game\Game.csproj", "{4EF653BB-4635-4717-BA1A-8A712997094A}"
EndProject
Global
	GlobalSection(SolutionConfigurationPlatforms) = preSolution
		Debug|Any CPU = Debug|Any CPU
		Release|Any CPU = Release|Any CPU
	EndGlobalSection
	GlobalSection(ProjectConfigurationPlatforms) = postSolution
		{ACB06D10-16AB-4F21-80E1-17B6A236900A}.Debug|Any CPU.ActiveCfg = Debug|Any CPU
		{ACB06D10-16AB-4F21-80E1-17B6A236900A}.Debug|Any CPU.Build.0 = Debug|Any CPU
		{ACB06D10-16AB-4F21-80E1-17B6A236900A}.Release|Any CPU.ActiveCfg = Release|Any CPU
		{ACB06D10-16AB-4F21-80E1-17B6A236900A}.Release|Any CPU.Build.0 = Release|Any CPU
		{4EF653BB-4635-4717-BA1A-8A712997094A}.Debug|Any CPU.ActiveCfg = Debug|Any CPU
		{4EF653BB-4635-4717-BA1A-8A712997094A}.Debug|Any CPU.Build.0 = Debug|Any CPU
		{4EF653BB-4635-4717-BA1A-8A712997094A}.Release|Any CPU.ActiveCfg = Release|Any CPU
		{4EF653BB-4635-4717-BA1A-8A712997094A}.Release|Any CPU.Build.0 = Release|Any CPU
	EndGlobalSection
	GlobalSection(SolutionProperties) = preSolution
		HideSolutionNode = FALSE
	EndGlobalSection
	GlobalSection(ExtensibilityGlobals) = postSolution
		SolutionGuid = {440AB507-77AF-4C5B-8D27-F8242CF179B2}
	EndGlobalSection
EndGlobal
